{
  "name": "Advent Audio",
  "version": "0.0.1",
  "lockfileVersion": 1,
  "requires": true,
  "dependencies": {
    "angular": {
      "version": "1.7.3",
      "resolved": "https://registry.npmjs.org/angular/-/angular-1.7.3.tgz",
      "integrity": "sha512-hQRhU56shs72y88cS0Uy9g+UAMHoztJ3V+r+iF8o1AK/Bpu8ewmjFDk9j2LjSuN05a9mhxW1rOHnYKOwyTS/Zg=="
    },
    "angular-animate": {
      "version": "1.7.3",
      "resolved": "https://registry.npmjs.org/angular-animate/-/angular-animate-1.7.3.tgz",
      "integrity": "sha512-RIYQhql+jUU13jwTrXemSMYTfbGuLBr7jh67R3UbR2yCQ8IOxcXHn2tx+hm8PwXX8agsFAQjWSPP5wam5ecuSg=="
    },
    "angular-aria": {
      "version": "1.7.3",
      "resolved": "https://registry.npmjs.org/angular-aria/-/angular-aria-1.7.3.tgz",
      "integrity": "sha512-5D8+W5BlbqPGqu1ybLSRp+HnbZJ1DnuLO8heIxUH14n5JwXrHMpB6jZJ2LlGn4pkVkG7WA/xhvM9NPHUf4cIYg=="
    },
    "angular-material": {
      "version": "1.1.10",
      "resolved": "https://registry.npmjs.org/angular-material/-/angular-material-1.1.10.tgz",
      "integrity": "sha512-LfBt5a1AVPbtsFzbmAyyZj90Gtc1U94OGtfMEauGzwsfqTnbH/y/9dtndH84N9S65wXkBoBe3VG6kfyoQSeCVw=="
    },
    "angular-messages": {
      "version": "1.7.3",
      "resolved": "https://registry.npmjs.org/angular-messages/-/angular-messages-1.7.3.tgz",
      "integrity": "sha512-OiuQKmz9zmbgW0a3nolCjkVi5xwldglE6Usqt2N48swqBoo8A0iIJw1er781+MaOXZ8vzxolnqILmiFTZYigNw=="
    },
    "angular-route": {
      "version": "1.7.3",
      "resolved": "https://registry.npmjs.org/angular-route/-/angular-route-1.7.3.tgz",
      "integrity": "sha512-/x6kLCeiG9BCi4DZeuuPfK1G05w69uwu7x69hL4eqSq5VOUkmkbFK1oM2pIKPwkATSYT2QKK0rwPydZNBUvCsw=="
    },
    "angular-sanitize": {
      "version": "1.7.3",
      "resolved": "https://registry.npmjs.org/angular-sanitize/-/angular-sanitize-1.7.3.tgz",
      "integrity": "sha512-2t5BXXx0/4qGdGp54eCvT+1fM+yFP2ub5TnNFIpJDeSrPwlQD8ThesOWxEsBnr+3UVKTE/TzX2Q4g8qjQXhDzw=="
    }
  }
}
